
Microsoft Visual Studio Solution File, Format Version 12.00
# Visual Studio Version 17
VisualStudioVersion = 17.0.31919.166
MinimumVisualStudioVersion = 10.0.40219.1
Project("{9A19103F-16F7-4668-BE54-9A1E7A4F7556}") = "SHM", "SHM\SHM.csproj", "{A6341514-69AC-4BC4-92B5-F8B8839B1373}"
EndProject
Project("{9A19103F-16F7-4668-BE54-9A1E7A4F7556}") = "Cn.Hardnuts.Assets", "Cn.Hardnuts.Assets\Cn.Hardnuts.Assets.csproj", "{FE8B8951-09BB-4E99-8598-6E48DF3C89EE}"
EndProject
Project("{2150E333-8FDC-42A3-9474-1A3956D46DE8}") = "Modules", "Modules", "{07BD94FF-C557-48FA-86FD-09F985A4D6A3}"
EndProject
Project("{9A19103F-16F7-4668-BE54-9A1E7A4F7556}") = "Cn.Hardnuts.MainModule", "Cn.Hardnuts.MainModule\Cn.Hardnuts.MainModule.csproj", "{214958F5-D95A-42EB-B7F4-10F6579A72A6}"
EndProject
Project("{9A19103F-16F7-4668-BE54-9A1E7A4F7556}") = "Cn.Hardnuts.ICommService", "Cn.Hardnuts.ICommService\Cn.Hardnuts.ICommService.csproj", "{7584C185-35C2-425A-A3A8-D5620BA26E85}"
EndProject
Project("{FAE04EC0-301F-11D3-BF4B-00C04F79EFBC}") = "Cn.Hardnuts.Controls", "Cn.Hardnuts.Controls\Cn.Hardnuts.Controls.csproj", "{22DFD00C-4358-41B7-BBE6-60DE687CB412}"
EndProject
Global
	GlobalSection(SolutionConfigurationPlatforms) = preSolution
		Debug|Any CPU = Debug|Any CPU
		Release|Any CPU = Release|Any CPU
	EndGlobalSection
	GlobalSection(ProjectConfigurationPlatforms) = postSolution
		{A6341514-69AC-4BC4-92B5-F8B8839B1373}.Debug|Any CPU.ActiveCfg = Debug|Any CPU
		{A6341514-69AC-4BC4-92B5-F8B8839B1373}.Debug|Any CPU.Build.0 = Debug|Any CPU
		{A6341514-69AC-4BC4-92B5-F8B8839B1373}.Release|Any CPU.ActiveCfg = Release|Any CPU
		{A6341514-69AC-4BC4-92B5-F8B8839B1373}.Release|Any CPU.Build.0 = Release|Any CPU
		{FE8B8951-09BB-4E99-8598-6E48DF3C89EE}.Debug|Any CPU.ActiveCfg = Debug|Any CPU
		{FE8B8951-09BB-4E99-8598-6E48DF3C89EE}.Debug|Any CPU.Build.0 = Debug|Any CPU
		{FE8B8951-09BB-4E99-8598-6E48DF3C89EE}.Release|Any CPU.ActiveCfg = Release|Any CPU
		{FE8B8951-09BB-4E99-8598-6E48DF3C89EE}.Release|Any CPU.Build.0 = Release|Any CPU
		{214958F5-D95A-42EB-B7F4-10F6579A72A6}.Debug|Any CPU.ActiveCfg = Debug|Any CPU
		{214958F5-D95A-42EB-B7F4-10F6579A72A6}.Debug|Any CPU.Build.0 = Debug|Any CPU
		{214958F5-D95A-42EB-B7F4-10F6579A72A6}.Release|Any CPU.ActiveCfg = Release|Any CPU
		{214958F5-D95A-42EB-B7F4-10F6579A72A6}.Release|Any CPU.Build.0 = Release|Any CPU
		{7584C185-35C2-425A-A3A8-D5620BA26E85}.Debug|Any CPU.ActiveCfg = Debug|Any CPU
		{7584C185-35C2-425A-A3A8-D5620BA26E85}.Debug|Any CPU.Build.0 = Debug|Any CPU
		{7584C185-35C2-425A-A3A8-D5620BA26E85}.Release|Any CPU.ActiveCfg = Release|Any CPU
		{7584C185-35C2-425A-A3A8-D5620BA26E85}.Release|Any CPU.Build.0 = Release|Any CPU
		{22DFD00C-4358-41B7-BBE6-60DE687CB412}.Debug|Any CPU.ActiveCfg = Debug|Any CPU
		{22DFD00C-4358-41B7-BBE6-60DE687CB412}.Debug|Any CPU.Build.0 = Debug|Any CPU
		{22DFD00C-4358-41B7-BBE6-60DE687CB412}.Release|Any CPU.ActiveCfg = Release|Any CPU
		{22DFD00C-4358-41B7-BBE6-60DE687CB412}.Release|Any CPU.Build.0 = Release|Any CPU
	EndGlobalSection
	GlobalSection(SolutionProperties) = preSolution
		HideSolutionNode = FALSE
	EndGlobalSection
	GlobalSection(NestedProjects) = preSolution
		{214958F5-D95A-42EB-B7F4-10F6579A72A6} = {07BD94FF-C557-48FA-86FD-09F985A4D6A3}
	EndGlobalSection
	GlobalSection(ExtensibilityGlobals) = postSolution
		SolutionGuid = {B44BCD65-89E9-46E7-8927-1CB0F0FD3BB0}
	EndGlobalSection
EndGlobal
